
Microsoft Visual Studio Solution File, Format Version 12.00
# Visual Studio Version 17
VisualStudioVersion = 17.4.33403.182
MinimumVisualStudioVersion = 10.0.40219.1
Project("{FAE04EC0-301F-11D3-BF4B-00C04F79EFBC}") = "StudentManagement", "StudentManagement\StudentManagement.csproj", "{EFDFE773-7622-4817-B44B-530E1FE28F23}"
EndProject
Global
	GlobalSection(SolutionConfigurationPlatforms) = preSolution
		Debug|Any CPU = Debug|Any CPU
		Release|Any CPU = Release|Any CPU
	EndGlobalSection
	GlobalSection(ProjectConfigurationPlatforms) = postSolution
		{EFDFE773-7622-4817-B44B-530E1FE28F23}.Debug|Any CPU.ActiveCfg = Debug|Any CPU
		{EFDFE773-7622-4817-B44B-530E1FE28F23}.Debug|Any CPU.Build.0 = Debug|Any CPU
		{EFDFE773-7622-4817-B44B-530E1FE28F23}.Release|Any CPU.ActiveCfg = Release|Any CPU
		{EFDFE773-7622-4817-B44B-530E1FE28F23}.Release|Any CPU.Build.0 = Release|Any CPU
	EndGlobalSection
	GlobalSection(SolutionProperties) = preSolution
		HideSolutionNode = FALSE
	EndGlobalSection
	GlobalSection(ExtensibilityGlobals) = postSolution
		SolutionGuid = {EB2E91F2-20BA-4486-BE49-09A96DA1B3E4}
	EndGlobalSection
EndGlobal
